// !$*UTF8*$!
{
	archiveVersion = 1;
	classes = {
	};
	objectVersion = 46;
	objects = {

/* Begin PBXBuildFile section */
		1828A530D0DDF209F8F7AE85 /* libPods.a in Frameworks */ = {isa = PBXBuildFile; fileRef = FCC45CDE0A5338966BBD1FF1 /* libPods.a */; };
		192A74AC1DEBFABC00292A51 /* AlipaySDK.bundle in Resources */ = {isa = PBXBuildFile; fileRef = 192A744A1DEBFABC00292A51 /* AlipaySDK.bundle */; };
		192A74AD1DEBFABC00292A51 /* AlipaySDK.framework in Frameworks */ = {isa = PBXBuildFile; fileRef = 192A744B1DEBFABC00292A51 /* AlipaySDK.framework */; };
		192A74AE1DEBFABC00292A51 /* Order.m in Sources */ = {isa = PBXBuildFile; fileRef = 192A74991DEBFABC00292A51 /* Order.m */; };
		192A74AF1DEBFABC00292A51 /* base64.m in Sources */ = {isa = PBXBuildFile; fileRef = 192A749C1DEBFABC00292A51 /* base64.m */; };
		192A74B01DEBFABC00292A51 /* DataSigner.m in Sources */ = {isa = PBXBuildFile; fileRef = 192A749F1DEBFABC00292A51 /* DataSigner.m */; };
		192A74B11DEBFABC00292A51 /* DataVerifier.m in Sources */ = {isa = PBXBuildFile; fileRef = 192A74A11DEBFABC00292A51 /* DataVerifier.m */; };
		192A74B21DEBFABC00292A51 /* MD5DataSigner.m in Sources */ = {isa = PBXBuildFile; fileRef = 192A74A31DEBFABC00292A51 /* MD5DataSigner.m */; };
		192A74B31DEBFABC00292A51 /* NSDataEx.m in Sources */ = {isa = PBXBuildFile; fileRef = 192A74A51DEBFABC00292A51 /* NSDataEx.m */; };
		192A74B41DEBFABC00292A51 /* openssl_wrapper.m in Sources */ = {isa = PBXBuildFile; fileRef = 192A74A71DEBFABC00292A51 /* openssl_wrapper.m */; };
		192A74B51DEBFABC00292A51 /* RSADataSigner.m in Sources */ = {isa = PBXBuildFile; fileRef = 192A74A91DEBFABC00292A51 /* RSADataSigner.m */; };
		192A74B61DEBFABC00292A51 /* RSADataVerifier.m in Sources */ = {isa = PBXBuildFile; fileRef = 192A74AB1DEBFABC00292A51 /* RSADataVerifier.m */; };
		192A74B91DEBFC9700292A51 /* libcrypto.a in Frameworks */ = {isa = PBXBuildFile; fileRef = 192A74B71DEBFC9700292A51 /* libcrypto.a */; };
		192A74BA1DEBFC9700292A51 /* libssl.a in Frameworks */ = {isa = PBXBuildFile; fileRef = 192A74B81DEBFC9700292A51 /* libssl.a */; };
		192A74C01DEC068700292A51 /* MXAliPayHandler.m in Sources */ = {isa = PBXBuildFile; fileRef = 192A74BF1DEC068700292A51 /* MXAliPayHandler.m */; };
		196511BD1D0FA0AF007B7E38 /* main.m in Sources */ = {isa = PBXBuildFile; fileRef = 196511BC1D0FA0AF007B7E38 /* main.m */; };
		196511C01D0FA0AF007B7E38 /* AppDelegate.m in Sources */ = {isa = PBXBuildFile; fileRef = 196511BF1D0FA0AF007B7E38 /* AppDelegate.m */; };
		196511C31D0FA0AF007B7E38 /* ViewController.m in Sources */ = {isa = PBXBuildFile; fileRef = 196511C21D0FA0AF007B7E38 /* ViewController.m */; };
		196511C61D0FA0AF007B7E38 /* Main.storyboard in Resources */ = {isa = PBXBuildFile; fileRef = 196511C41D0FA0AF007B7E38 /* Main.storyboard */; };
		196511C81D0FA0AF007B7E38 /* Assets.xcassets in Resources */ = {isa = PBXBuildFile; fileRef = 196511C71D0FA0AF007B7E38 /* Assets.xcassets */; };
		196511CB1D0FA0AF007B7E38 /* LaunchScreen.storyboard in Resources */ = {isa = PBXBuildFile; fileRef = 196511C91D0FA0AF007B7E38 /* LaunchScreen.storyboard */; };
		196511D61D0FA0AF007B7E38 /* AliPayDemoTestTests.m in Sources */ = {isa = PBXBuildFile; fileRef = 196511D51D0FA0AF007B7E38 /* AliPayDemoTestTests.m */; };
		196511E11D0FA0AF007B7E38 /* AliPayDemoTestUITests.m in Sources */ = {isa = PBXBuildFile; fileRef = 196511E01D0FA0AF007B7E38 /* AliPayDemoTestUITests.m */; };
		196512621D0FA41D007B7E38 /* libc++.tbd in Frameworks */ = {isa = PBXBuildFile; fileRef = 196512611D0FA41D007B7E38 /* libc++.tbd */; };
		196512641D0FA422007B7E38 /* libz.tbd in Frameworks */ = {isa = PBXBuildFile; fileRef = 196512631D0FA422007B7E38 /* libz.tbd */; };
		196512661D0FA426007B7E38 /* SystemConfiguration.framework in Frameworks */ = {isa = PBXBuildFile; fileRef = 196512651D0FA426007B7E38 /* SystemConfiguration.framework */; };
		196512681D0FA42B007B7E38 /* CoreTelephony.framework in Frameworks */ = {isa = PBXBuildFile; fileRef = 196512671D0FA42B007B7E38 /* CoreTelephony.framework */; };
		1965126A1D0FA42F007B7E38 /* QuartzCore.framework in Frameworks */ = {isa = PBXBuildFile; fileRef = 196512691D0FA42F007B7E38 /* QuartzCore.framework */; };
		1965126C1D0FA434007B7E38 /* CoreText.framework in Frameworks */ = {isa = PBXBuildFile; fileRef = 1965126B1D0FA434007B7E38 /* CoreText.framework */; };
		1965126E1D0FA439007B7E38 /* CoreGraphics.framework in Frameworks */ = {isa = PBXBuildFile; fileRef = 1965126D1D0FA439007B7E38 /* CoreGraphics.framework */; };
		196512701D0FA43F007B7E38 /* UIKit.framework in Frameworks */ = {isa = PBXBuildFile; fileRef = 1965126F1D0FA43F007B7E38 /* UIKit.framework */; };
		196512721D0FA444007B7E38 /* Foundation.framework in Frameworks */ = {isa = PBXBuildFile; fileRef = 196512711D0FA444007B7E38 /* Foundation.framework */; };
		196512741D0FA449007B7E38 /* CFNetwork.framework in Frameworks */ = {isa = PBXBuildFile; fileRef = 196512731D0FA449007B7E38 /* CFNetwork.framework */; };
		196512761D0FA44E007B7E38 /* CoreMotion.framework in Frameworks */ = {isa = PBXBuildFile; fileRef = 196512751D0FA44E007B7E38 /* CoreMotion.framework */; };
/* End PBXBuildFile section */

/* Begin PBXContainerItemProxy section */
		196511D21D0FA0AF007B7E38 /* PBXContainerItemProxy */ = {
			isa = PBXContainerItemProxy;
			containerPortal = 196511B01D0FA0AF007B7E38 /* Project object */;
			proxyType = 1;
			remoteGlobalIDString = 196511B71D0FA0AF007B7E38;
			remoteInfo = AliPayDemoTest;
		};
		196511DD1D0FA0AF007B7E38 /* PBXContainerItemProxy */ = {
			isa = PBXContainerItemProxy;
			containerPortal = 196511B01D0FA0AF007B7E38 /* Project object */;
			proxyType = 1;
			remoteGlobalIDString = 196511B71D0FA0AF007B7E38;
			remoteInfo = AliPayDemoTest;
		};
/* End PBXContainerItemProxy section */

/* Begin PBXFileReference section */
		192A744A1DEBFABC00292A51 /* AlipaySDK.bundle */ = {isa = PBXFileReference; lastKnownFileType = "wrapper.plug-in"; path = AlipaySDK.bundle; sourceTree = "<group>"; };
		192A744B1DEBFABC00292A51 /* AlipaySDK.framework */ = {isa = PBXFileReference; lastKnownFileType = wrapper.framework; path = AlipaySDK.framework; sourceTree = "<group>"; };
		192A744D1DEBFABC00292A51 /* aes.h */ = {isa = PBXFileReference; fileEncoding = 4; lastKnownFileType = sourcecode.c.h; path = aes.h; sourceTree = "<group>"; };
		192A744E1DEBFABC00292A51 /* asn1.h */ = {isa = PBXFileReference; fileEncoding = 4; lastKnownFileType = sourcecode.c.h; path = asn1.h; sourceTree = "<group>"; };
		192A744F1DEBFABC00292A51 /* asn1_mac.h */ = {isa = PBXFileReference; fileEncoding = 4; lastKnownFileType = sourcecode.c.h; path = asn1_mac.h; sourceTree = "<group>"; };
		192A74501DEBFABC00292A51 /* asn1t.h */ = {isa = PBXFileReference; fileEncoding = 4; lastKnownFileType = sourcecode.c.h; path = asn1t.h; sourceTree = "<group>"; };
		192A74511DEBFABC00292A51 /* bio.h */ = {isa = PBXFileReference; fileEncoding = 4; lastKnownFileType = sourcecode.c.h; path = bio.h; sourceTree = "<group>"; };
		192A74521DEBFABC00292A51 /* blowfish.h */ = {isa = PBXFileReference; fileEncoding = 4; lastKnownFileType = sourcecode.c.h; path = blowfish.h; sourceTree = "<group>"; };
		192A74531DEBFABC00292A51 /* bn.h */ = {isa = PBXFileReference; fileEncoding = 4; lastKnownFileType = sourcecode.c.h; path = bn.h; sourceTree = "<group>"; };
		192A74541DEBFABC00292A51 /* buffer.h */ = {isa = PBXFileReference; fileEncoding = 4; lastKnownFileType = sourcecode.c.h; path = buffer.h; sourceTree = "<group>"; };
		192A74551DEBFABC00292A51 /* camellia.h */ = {isa = PBXFileReference; fileEncoding = 4; lastKnownFileType = sourcecode.c.h; path = camellia.h; sourceTree = "<group>"; };
		192A74561DEBFABC00292A51 /* cast.h */ = {isa = PBXFileReference; fileEncoding = 4; lastKnownFileType = sourcecode.c.h; path = cast.h; sourceTree = "<group>"; };
		192A74571DEBFABC00292A51 /* cmac.h */ = {isa = PBXFileReference; fileEncoding = 4; lastKnownFileType = sourcecode.c.h; path = cmac.h; sourceTree = "<group>"; };
		192A74581DEBFABC00292A51 /* cms.h */ = {isa = PBXFileReference; fileEncoding = 4; lastKnownFileType = sourcecode.c.h; path = cms.h; sourceTree = "<group>"; };
		192A74591DEBFABC00292A51 /* comp.h */ = {isa = PBXFileReference; fileEncoding = 4; lastKnownFileType = sourcecode.c.h; path = comp.h; sourceTree = "<group>"; };
		192A745A1DEBFABC00292A51 /* conf.h */ = {isa = PBXFileReference; fileEncoding = 4; lastKnownFileType = sourcecode.c.h; path = conf.h; sourceTree = "<group>"; };
		192A745B1DEBFABC00292A51 /* conf_api.h */ = {isa = PBXFileReference; fileEncoding = 4; lastKnownFileType = sourcecode.c.h; path = conf_api.h; sourceTree = "<group>"; };
		192A745C1DEBFABC00292A51 /* crypto.h */ = {isa = PBXFileReference; fileEncoding = 4; lastKnownFileType = sourcecode.c.h; path = crypto.h; sourceTree = "<group>"; };
		192A745D1DEBFABC00292A51 /* des.h */ = {isa = PBXFileReference; fileEncoding = 4; lastKnownFileType = sourcecode.c.h; path = des.h; sourceTree = "<group>"; };
		192A745E1DEBFABC00292A51 /* des_old.h */ = {isa = PBXFileReference; fileEncoding = 4; lastKnownFileType = sourcecode.c.h; path = des_old.h; sourceTree = "<group>"; };
		192A745F1DEBFABC00292A51 /* dh.h */ = {isa = PBXFileReference; fileEncoding = 4; lastKnownFileType = sourcecode.c.h; path = dh.h; sourceTree = "<group>"; };
		192A74601DEBFABC00292A51 /* dsa.h */ = {isa = PBXFileReference; fileEncoding = 4; lastKnownFileType = sourcecode.c.h; path = dsa.h; sourceTree = "<group>"; };
		192A74611DEBFABC00292A51 /* dso.h */ = {isa = PBXFileReference; fileEncoding = 4; lastKnownFileType = sourcecode.c.h; path = dso.h; sourceTree = "<group>"; };
		192A74621DEBFABC00292A51 /* dtls1.h */ = {isa = PBXFileReference; fileEncoding = 4; lastKnownFileType = sourcecode.c.h; path = dtls1.h; sourceTree = "<group>"; };
		192A74631DEBFABC00292A51 /* e_os2.h */ = {isa = PBXFileReference; fileEncoding = 4; lastKnownFileType = sourcecode.c.h; path = e_os2.h; sourceTree = "<group>"; };
		192A74641DEBFABC00292A51 /* ebcdic.h */ = {isa = PBXFileReference; fileEncoding = 4; lastKnownFileType = sourcecode.c.h; path = ebcdic.h; sourceTree = "<group>"; };
		192A74651DEBFABC00292A51 /* ec.h */ = {isa = PBXFileReference; fileEncoding = 4; lastKnownFileType = sourcecode.c.h; path = ec.h; sourceTree = "<group>"; };
		192A74661DEBFABC00292A51 /* ecdh.h */ = {isa = PBXFileReference; fileEncoding = 4; lastKnownFileType = sourcecode.c.h; path = ecdh.h; sourceTree = "<group>"; };
		192A74671DEBFABC00292A51 /* ecdsa.h */ = {isa = PBXFileReference; fileEncoding = 4; lastKnownFileType = sourcecode.c.h; path = ecdsa.h; sourceTree = "<group>"; };
		192A74681DEBFABC00292A51 /* engine.h */ = {isa = PBXFileReference; fileEncoding = 4; lastKnownFileType = sourcecode.c.h; path = engine.h; sourceTree = "<group>"; };
		192A74691DEBFABC00292A51 /* err.h */ = {isa = PBXFileReference; fileEncoding = 4; lastKnownFileType = sourcecode.c.h; path = err.h; sourceTree = "<group>"; };
		192A746A1DEBFABC00292A51 /* evp.h */ = {isa = PBXFileReference; fileEncoding = 4; lastKnownFileType = sourcecode.c.h; path = evp.h; sourceTree = "<group>"; };
		192A746B1DEBFABC00292A51 /* hmac.h */ = {isa = PBXFileReference; fileEncoding = 4; lastKnownFileType = sourcecode.c.h; path = hmac.h; sourceTree = "<group>"; };
		192A746C1DEBFABC00292A51 /* idea.h */ = {isa = PBXFileReference; fileEncoding = 4; lastKnownFileType = sourcecode.c.h; path = idea.h; sourceTree = "<group>"; };
		192A746D1DEBFABC00292A51 /* krb5_asn.h */ = {isa = PBXFileReference; fileEncoding = 4; lastKnownFileType = sourcecode.c.h; path = krb5_asn.h; sourceTree = "<group>"; };
		192A746E1DEBFABC00292A51 /* kssl.h */ = {isa = PBXFileReference; fileEncoding = 4; lastKnownFileType = sourcecode.c.h; path = kssl.h; sourceTree = "<group>"; };
		192A746F1DEBFABC00292A51 /* lhash.h */ = {isa = PBXFileReference; fileEncoding = 4; lastKnownFileType = sourcecode.c.h; path = lhash.h; sourceTree = "<group>"; };
		192A74701DEBFABC00292A51 /* md4.h */ = {isa = PBXFileReference; fileEncoding = 4; lastKnownFileType = sourcecode.c.h; path = md4.h; sourceTree = "<group>"; };
		192A74711DEBFABC00292A51 /* md5.h */ = {isa = PBXFileReference; fileEncoding = 4; lastKnownFileType = sourcecode.c.h; path = md5.h; sourceTree = "<group>"; };
		192A74721DEBFABC00292A51 /* mdc2.h */ = {isa = PBXFileReference; fileEncoding = 4; lastKnownFileType = sourcecode.c.h; path = mdc2.h; sourceTree = "<group>"; };
		192A74731DEBFABC00292A51 /* modes.h */ = {isa = PBXFileReference; fileEncoding = 4; lastKnownFileType = sourcecode.c.h; path = modes.h; sourceTree = "<group>"; };
		192A74741DEBFABC00292A51 /* obj_mac.h */ = {isa = PBXFileReference; fileEncoding = 4; lastKnownFileType = sourcecode.c.h; path = obj_mac.h; sourceTree = "<group>"; };
		192A74751DEBFABC00292A51 /* objects.h */ = {isa = PBXFileReference; fileEncoding = 4; lastKnownFileType = sourcecode.c.h; path = objects.h; sourceTree = "<group>"; };
		192A74761DEBFABC00292A51 /* ocsp.h */ = {isa = PBXFileReference; fileEncoding = 4; lastKnownFileType = sourcecode.c.h; path = ocsp.h; sourceTree = "<group>"; };
		192A74771DEBFABC00292A51 /* opensslconf.h */ = {isa = PBXFileReference; fileEncoding = 4; lastKnownFileType = sourcecode.c.h; path = opensslconf.h; sourceTree = "<group>"; };
		192A74781DEBFABC00292A51 /* opensslv.h */ = {isa = PBXFileReference; fileEncoding = 4; lastKnownFileType = sourcecode.c.h; path = opensslv.h; sourceTree = "<group>"; };
		192A74791DEBFABC00292A51 /* ossl_typ.h */ = {isa = PBXFileReference; fileEncoding = 4; lastKnownFileType = sourcecode.c.h; path = ossl_typ.h; sourceTree = "<group>"; };
		192A747A1DEBFABC00292A51 /* pem.h */ = {isa = PBXFileReference; fileEncoding = 4; lastKnownFileType = sourcecode.c.h; path = pem.h; sourceTree = "<group>"; };
		192A747B1DEBFABC00292A51 /* pem2.h */ = {isa = PBXFileReference; fileEncoding = 4; lastKnownFileType = sourcecode.c.h; path = pem2.h; sourceTree = "<group>"; };
		192A747C1DEBFABC00292A51 /* pkcs12.h */ = {isa = PBXFileReference; fileEncoding = 4; lastKnownFileType = sourcecode.c.h; path = pkcs12.h; sourceTree = "<group>"; };
		192A747D1DEBFABC00292A51 /* pkcs7.h */ = {isa = PBXFileReference; fileEncoding = 4; lastKnownFileType = sourcecode.c.h; path = pkcs7.h; sourceTree = "<group>"; };
		192A747E1DEBFABC00292A51 /* pqueue.h */ = {isa = PBXFileReference; fileEncoding = 4; lastKnownFileType = sourcecode.c.h; path = pqueue.h; sourceTree = "<group>"; };
		192A747F1DEBFABC00292A51 /* rand.h */ = {isa = PBXFileReference; fileEncoding = 4; lastKnownFileType = sourcecode.c.h; path = rand.h; sourceTree = "<group>"; };
		192A74801DEBFABC00292A51 /* rc2.h */ = {isa = PBXFileReference; fileEncoding = 4; lastKnownFileType = sourcecode.c.h; path = rc2.h; sourceTree = "<group>"; };
		192A74811DEBFABC00292A51 /* rc4.h */ = {isa = PBXFileReference; fileEncoding = 4; lastKnownFileType = sourcecode.c.h; path = rc4.h; sourceTree = "<group>"; };
		192A74821DEBFABC00292A51 /* ripemd.h */ = {isa = PBXFileReference; fileEncoding = 4; lastKnownFileType = sourcecode.c.h; path = ripemd.h; sourceTree = "<group>"; };
		192A74831DEBFABC00292A51 /* rsa.h */ = {isa = PBXFileReference; fileEncoding = 4; lastKnownFileType = sourcecode.c.h; path = rsa.h; sourceTree = "<group>"; };
		192A74841DEBFABC00292A51 /* safestack.h */ = {isa = PBXFileReference; fileEncoding = 4; lastKnownFileType = sourcecode.c.h; path = safestack.h; sourceTree = "<group>"; };
		192A74851DEBFABC00292A51 /* seed.h */ = {isa = PBXFileReference; fileEncoding = 4; lastKnownFileType = sourcecode.c.h; path = seed.h; sourceTree = "<group>"; };
		192A74861DEBFABC00292A51 /* sha.h */ = {isa = PBXFileReference; fileEncoding = 4; lastKnownFileType = sourcecode.c.h; path = sha.h; sourceTree = "<group>"; };
		192A74871DEBFABC00292A51 /* srp.h */ = {isa = PBXFileReference; fileEncoding = 4; lastKnownFileType = sourcecode.c.h; path = srp.h; sourceTree = "<group>"; };
		192A74881DEBFABC00292A51 /* srtp.h */ = {isa = PBXFileReference; fileEncoding = 4; lastKnownFileType = sourcecode.c.h; path = srtp.h; sourceTree = "<group>"; };
		192A74891DEBFABC00292A51 /* ssl.h */ = {isa = PBXFileReference; fileEncoding = 4; lastKnownFileType = sourcecode.c.h; path = ssl.h; sourceTree = "<group>"; };
		192A748A1DEBFABC00292A51 /* ssl2.h */ = {isa = PBXFileReference; fileEncoding = 4; lastKnownFileType = sourcecode.c.h; path = ssl2.h; sourceTree = "<group>"; };
		192A748B1DEBFABC00292A51 /* ssl23.h */ = {isa = PBXFileReference; fileEncoding = 4; lastKnownFileType = sourcecode.c.h; path = ssl23.h; sourceTree = "<group>"; };
		192A748C1DEBFABC00292A51 /* ssl3.h */ = {isa = PBXFileReference; fileEncoding = 4; lastKnownFileType = sourcecode.c.h; path = ssl3.h; sourceTree = "<group>"; };
		192A748D1DEBFABC00292A51 /* stack.h */ = {isa = PBXFileReference; fileEncoding = 4; lastKnownFileType = sourcecode.c.h; path = stack.h; sourceTree = "<group>"; };
		192A748E1DEBFABC00292A51 /* symhacks.h */ = {isa = PBXFileReference; fileEncoding = 4; lastKnownFileType = sourcecode.c.h; path = symhacks.h; sourceTree = "<group>"; };
		192A748F1DEBFABC00292A51 /* tls1.h */ = {isa = PBXFileReference; fileEncoding = 4; lastKnownFileType = sourcecode.c.h; path = tls1.h; sourceTree = "<group>"; };
		192A74901DEBFABC00292A51 /* ts.h */ = {isa = PBXFileReference; fileEncoding = 4; lastKnownFileType = sourcecode.c.h; path = ts.h; sourceTree = "<group>"; };
		192A74911DEBFABC00292A51 /* txt_db.h */ = {isa = PBXFileReference; fileEncoding = 4; lastKnownFileType = sourcecode.c.h; path = txt_db.h; sourceTree = "<group>"; };
		192A74921DEBFABC00292A51 /* ui.h */ = {isa = PBXFileReference; fileEncoding = 4; lastKnownFileType = sourcecode.c.h; path = ui.h; sourceTree = "<group>"; };
		192A74931DEBFABC00292A51 /* ui_compat.h */ = {isa = PBXFileReference; fileEncoding = 4; lastKnownFileType = sourcecode.c.h; path = ui_compat.h; sourceTree = "<group>"; };
		192A74941DEBFABC00292A51 /* whrlpool.h */ = {isa = PBXFileReference; fileEncoding = 4; lastKnownFileType = sourcecode.c.h; path = whrlpool.h; sourceTree = "<group>"; };
		192A74951DEBFABC00292A51 /* x509.h */ = {isa = PBXFileReference; fileEncoding = 4; lastKnownFileType = sourcecode.c.h; path = x509.h; sourceTree = "<group>"; };
		192A74961DEBFABC00292A51 /* x509_vfy.h */ = {isa = PBXFileReference; fileEncoding = 4; lastKnownFileType = sourcecode.c.h; path = x509_vfy.h; sourceTree = "<group>"; };
		192A74971DEBFABC00292A51 /* x509v3.h */ = {isa = PBXFileReference; fileEncoding = 4; lastKnownFileType = sourcecode.c.h; path = x509v3.h; sourceTree = "<group>"; };
		192A74981DEBFABC00292A51 /* Order.h */ = {isa = PBXFileReference; fileEncoding = 4; lastKnownFileType = sourcecode.c.h; path = Order.h; sourceTree = "<group>"; };
		192A74991DEBFABC00292A51 /* Order.m */ = {isa = PBXFileReference; fileEncoding = 4; lastKnownFileType = sourcecode.c.objc; path = Order.m; sourceTree = "<group>"; };
		192A749B1DEBFABC00292A51 /* base64.h */ = {isa = PBXFileReference; fileEncoding = 4; lastKnownFileType = sourcecode.c.h; path = base64.h; sourceTree = "<group>"; };
		192A749C1DEBFABC00292A51 /* base64.m */ = {isa = PBXFileReference; fileEncoding = 4; lastKnownFileType = sourcecode.c.objc; path = base64.m; sourceTree = "<group>"; };
		192A749D1DEBFABC00292A51 /* config.h */ = {isa = PBXFileReference; fileEncoding = 4; lastKnownFileType = sourcecode.c.h; path = config.h; sourceTree = "<group>"; };
		192A749E1DEBFABC00292A51 /* DataSigner.h */ = {isa = PBXFileReference; fileEncoding = 4; lastKnownFileType = sourcecode.c.h; path = DataSigner.h; sourceTree = "<group>"; };
		192A749F1DEBFABC00292A51 /* DataSigner.m */ = {isa = PBXFileReference; fileEncoding = 4; lastKnownFileType = sourcecode.c.objc; path = DataSigner.m; sourceTree = "<group>"; };
		192A74A01DEBFABC00292A51 /* DataVerifier.h */ = {isa = PBXFileReference; fileEncoding = 4; lastKnownFileType = sourcecode.c.h; path = DataVerifier.h; sourceTree = "<group>"; };
		192A74A11DEBFABC00292A51 /* DataVerifier.m */ = {isa = PBXFileReference; fileEncoding = 4; lastKnownFileType = sourcecode.c.objc; path = DataVerifier.m; sourceTree = "<group>"; };
		192A74A21DEBFABC00292A51 /* MD5DataSigner.h */ = {isa = PBXFileReference; fileEncoding = 4; lastKnownFileType = sourcecode.c.h; path = MD5DataSigner.h; sourceTree = "<group>"; };
		192A74A31DEBFABC00292A51 /* MD5DataSigner.m */ = {isa = PBXFileReference; fileEncoding = 4; lastKnownFileType = sourcecode.c.objc; path = MD5DataSigner.m; sourceTree = "<group>"; };
		192A74A41DEBFABC00292A51 /* NSDataEx.h */ = {isa = PBXFileReference; fileEncoding = 4; lastKnownFileType = sourcecode.c.h; path = NSDataEx.h; sourceTree = "<group>"; };
		192A74A51DEBFABC00292A51 /* NSDataEx.m */ = {isa = PBXFileReference; fileEncoding = 4; lastKnownFileType = sourcecode.c.objc; path = NSDataEx.m; sourceTree = "<group>"; };
		192A74A61DEBFABC00292A51 /* openssl_wrapper.h */ = {isa = PBXFileReference; fileEncoding = 4; lastKnownFileType = sourcecode.c.h; path = openssl_wrapper.h; sourceTree = "<group>"; };
		192A74A71DEBFABC00292A51 /* openssl_wrapper.m */ = {isa = PBXFileReference; fileEncoding = 4; lastKnownFileType = sourcecode.c.objc; path = openssl_wrapper.m; sourceTree = "<group>"; };
		192A74A81DEBFABC00292A51 /* RSADataSigner.h */ = {isa = PBXFileReference; fileEncoding = 4; lastKnownFileType = sourcecode.c.h; path = RSADataSigner.h; sourceTree = "<group>"; };
		192A74A91DEBFABC00292A51 /* RSADataSigner.m */ = {isa = PBXFileReference; fileEncoding = 4; lastKnownFileType = sourcecode.c.objc; path = RSADataSigner.m; sourceTree = "<group>"; };
		192A74AA1DEBFABC00292A51 /* RSADataVerifier.h */ = {isa = PBXFileReference; fileEncoding = 4; lastKnownFileType = sourcecode.c.h; path = RSADataVerifier.h; sourceTree = "<group>"; };
		192A74AB1DEBFABC00292A51 /* RSADataVerifier.m */ = {isa = PBXFileReference; fileEncoding = 4; lastKnownFileType = sourcecode.c.objc; path = RSADataVerifier.m; sourceTree = "<group>"; };
		192A74B71DEBFC9700292A51 /* libcrypto.a */ = {isa = PBXFileReference; lastKnownFileType = archive.ar; path = libcrypto.a; sourceTree = "<group>"; };
		192A74B81DEBFC9700292A51 /* libssl.a */ = {isa = PBXFileReference; lastKnownFileType = archive.ar; path = libssl.a; sourceTree = "<group>"; };
		192A74BC1DEC035200292A51 /* MXAlipayConfig.h */ = {isa = PBXFileReference; fileEncoding = 4; lastKnownFileType = sourcecode.c.h; path = MXAlipayConfig.h; sourceTree = "<group>"; };
		192A74BD1DEC037900292A51 /* MXAlipay-prefix.pch */ = {isa = PBXFileReference; fileEncoding = 4; lastKnownFileType = sourcecode.c.h; path = "MXAlipay-prefix.pch"; sourceTree = "<group>"; };
		192A74BE1DEC068700292A51 /* MXAliPayHandler.h */ = {isa = PBXFileReference; fileEncoding = 4; lastKnownFileType = sourcecode.c.h; path = MXAliPayHandler.h; sourceTree = "<group>"; };
		192A74BF1DEC068700292A51 /* MXAliPayHandler.m */ = {isa = PBXFileReference; fileEncoding = 4; lastKnownFileType = sourcecode.c.objc; path = MXAliPayHandler.m; sourceTree = "<group>"; };
		196511B81D0FA0AF007B7E38 /* AliPayDemoTest.app */ = {isa = PBXFileReference; explicitFileType = wrapper.application; includeInIndex = 0; path = AliPayDemoTest.app; sourceTree = BUILT_PRODUCTS_DIR; };
		196511BC1D0FA0AF007B7E38 /* main.m */ = {isa = PBXFileReference; lastKnownFileType = sourcecode.c.objc; path = main.m; sourceTree = "<group>"; };
		196511BE1D0FA0AF007B7E38 /* AppDelegate.h */ = {isa = PBXFileReference; lastKnownFileType = sourcecode.c.h; path = AppDelegate.h; sourceTree = "<group>"; };
		196511BF1D0FA0AF007B7E38 /* AppDelegate.m */ = {isa = PBXFileReference; lastKnownFileType = sourcecode.c.objc; path = AppDelegate.m; sourceTree = "<group>"; };
		196511C11D0FA0AF007B7E38 /* ViewController.h */ = {isa = PBXFileReference; lastKnownFileType = sourcecode.c.h; path = ViewController.h; sourceTree = "<group>"; };
		196511C21D0FA0AF007B7E38 /* ViewController.m */ = {isa = PBXFileReference; lastKnownFileType = sourcecode.c.objc; path = ViewController.m; sourceTree = "<group>"; };
		196511C51D0FA0AF007B7E38 /* Base */ = {isa = PBXFileReference; lastKnownFileType = file.storyboard; name = Base; path = Base.lproj/Main.storyboard; sourceTree = "<group>"; };
		196511C71D0FA0AF007B7E38 /* Assets.xcassets */ = {isa = PBXFileReference; lastKnownFileType = folder.assetcatalog; path = Assets.xcassets; sourceTree = "<group>"; };
		196511CA1D0FA0AF007B7E38 /* Base */ = {isa = PBXFileReference; lastKnownFileType = file.storyboard; name = Base; path = Base.lproj/LaunchScreen.storyboard; sourceTree = "<group>"; };
		196511CC1D0FA0AF007B7E38 /* Info.plist */ = {isa = PBXFileReference; lastKnownFileType = text.plist.xml; path = Info.plist; sourceTree = "<group>"; };
		196511D11D0FA0AF007B7E38 /* AliPayDemoTestTests.xctest */ = {isa = PBXFileReference; explicitFileType = wrapper.cfbundle; includeInIndex = 0; path = AliPayDemoTestTests.xctest; sourceTree = BUILT_PRODUCTS_DIR; };
		196511D51D0FA0AF007B7E38 /* AliPayDemoTestTests.m */ = {isa = PBXFileReference; lastKnownFileType = sourcecode.c.objc; path = AliPayDemoTestTests.m; sourceTree = "<group>"; };
		196511D71D0FA0AF007B7E38 /* Info.plist */ = {isa = PBXFileReference; lastKnownFileType = text.plist.xml; path = Info.plist; sourceTree = "<group>"; };
		196511DC1D0FA0AF007B7E38 /* AliPayDemoTestUITests.xctest */ = {isa = PBXFileReference; explicitFileType = wrapper.cfbundle; includeInIndex = 0; path = AliPayDemoTestUITests.xctest; sourceTree = BUILT_PRODUCTS_DIR; };
		196511E01D0FA0AF007B7E38 /* AliPayDemoTestUITests.m */ = {isa = PBXFileReference; lastKnownFileType = sourcecode.c.objc; path = AliPayDemoTestUITests.m; sourceTree = "<group>"; };
		196511E21D0FA0AF007B7E38 /* Info.plist */ = {isa = PBXFileReference; lastKnownFileType = text.plist.xml; path = Info.plist; sourceTree = "<group>"; };
		196512611D0FA41D007B7E38 /* libc++.tbd */ = {isa = PBXFileReference; lastKnownFileType = "sourcecode.text-based-dylib-definition"; name = "libc++.tbd"; path = "usr/lib/libc++.tbd"; sourceTree = SDKROOT; };
		196512631D0FA422007B7E38 /* libz.tbd */ = {isa = PBXFileReference; lastKnownFileType = "sourcecode.text-based-dylib-definition"; name = libz.tbd; path = usr/lib/libz.tbd; sourceTree = SDKROOT; };
		196512651D0FA426007B7E38 /* SystemConfiguration.framework */ = {isa = PBXFileReference; lastKnownFileType = wrapper.framework; name = SystemConfiguration.framework; path = System/Library/Frameworks/SystemConfiguration.framework; sourceTree = SDKROOT; };
		196512671D0FA42B007B7E38 /* CoreTelephony.framework */ = {isa = PBXFileReference; lastKnownFileType = wrapper.framework; name = CoreTelephony.framework; path = System/Library/Frameworks/CoreTelephony.framework; sourceTree = SDKROOT; };
		196512691D0FA42F007B7E38 /* QuartzCore.framework */ = {isa = PBXFileReference; lastKnownFileType = wrapper.framework; name = QuartzCore.framework; path = System/Library/Frameworks/QuartzCore.framework; sourceTree = SDKROOT; };
		1965126B1D0FA434007B7E38 /* CoreText.framework */ = {isa = PBXFileReference; lastKnownFileType = wrapper.framework; name = CoreText.framework; path = System/Library/Frameworks/CoreText.framework; sourceTree = SDKROOT; };
		1965126D1D0FA439007B7E38 /* CoreGraphics.framework */ = {isa = PBXFileReference; lastKnownFileType = wrapper.framework; name = CoreGraphics.framework; path = System/Library/Frameworks/CoreGraphics.framework; sourceTree = SDKROOT; };
		1965126F1D0FA43F007B7E38 /* UIKit.framework */ = {isa = PBXFileReference; lastKnownFileType = wrapper.framework; name = UIKit.framework; path = System/Library/Frameworks/UIKit.framework; sourceTree = SDKROOT; };
		196512711D0FA444007B7E38 /* Foundation.framework */ = {isa = PBXFileReference; lastKnownFileType = wrapper.framework; name = Foundation.framework; path = System/Library/Frameworks/Foundation.framework; sourceTree = SDKROOT; };
		196512731D0FA449007B7E38 /* CFNetwork.framework */ = {isa = PBXFileReference; lastKnownFileType = wrapper.framework; name = CFNetwork.framework; path = System/Library/Frameworks/CFNetwork.framework; sourceTree = SDKROOT; };
		196512751D0FA44E007B7E38 /* CoreMotion.framework */ = {isa = PBXFileReference; lastKnownFileType = wrapper.framework; name = CoreMotion.framework; path = System/Library/Frameworks/CoreMotion.framework; sourceTree = SDKROOT; };
		C78ABE223E8DD8928747D5C9 /* Pods.release.xcconfig */ = {isa = PBXFileReference; includeInIndex = 1; lastKnownFileType = text.xcconfig; name = Pods.release.xcconfig; path = "Pods/Target Support Files/Pods/Pods.release.xcconfig"; sourceTree = "<group>"; };
		E2B2702C9007FAB175BED2C2 /* Pods.debug.xcconfig */ = {isa = PBXFileReference; includeInIndex = 1; lastKnownFileType = text.xcconfig; name = Pods.debug.xcconfig; path = "Pods/Target Support Files/Pods/Pods.debug.xcconfig"; sourceTree = "<group>"; };
		FCC45CDE0A5338966BBD1FF1 /* libPods.a */ = {isa = PBXFileReference; explicitFileType = archive.ar; includeInIndex = 0; path = libPods.a; sourceTree = BUILT_PRODUCTS_DIR; };
/* End PBXFileReference section */

/* Begin PBXFrameworksBuildPhase section */
		196511B51D0FA0AF007B7E38 /* Frameworks */ = {
			isa = PBXFrameworksBuildPhase;
			buildActionMask = 2147483647;
			files = (
				196512761D0FA44E007B7E38 /* CoreMotion.framework in Frameworks */,
				196512741D0FA449007B7E38 /* CFNetwork.framework in Frameworks */,
				196512721D0FA444007B7E38 /* Foundation.framework in Frameworks */,
				196512701D0FA43F007B7E38 /* UIKit.framework in Frameworks */,
				1965126E1D0FA439007B7E38 /* CoreGraphics.framework in Frameworks */,
				192A74BA1DEBFC9700292A51 /* libssl.a in Frameworks */,
				1965126C1D0FA434007B7E38 /* CoreText.framework in Frameworks */,
				192A74B91DEBFC9700292A51 /* libcrypto.a in Frameworks */,
				1965126A1D0FA42F007B7E38 /* QuartzCore.framework in Frameworks */,
				196512681D0FA42B007B7E38 /* CoreTelephony.framework in Frameworks */,
				196512661D0FA426007B7E38 /* SystemConfiguration.framework in Frameworks */,
				196512641D0FA422007B7E38 /* libz.tbd in Frameworks */,
				192A74AD1DEBFABC00292A51 /* AlipaySDK.framework in Frameworks */,
				196512621D0FA41D007B7E38 /* libc++.tbd in Frameworks */,
				1828A530D0DDF209F8F7AE85 /* libPods.a in Frameworks */,
			);
			runOnlyForDeploymentPostprocessing = 0;
		};
		196511CE1D0FA0AF007B7E38 /* Frameworks */ = {
			isa = PBXFrameworksBuildPhase;
			buildActionMask = 2147483647;
			files = (
			);
			runOnlyForDeploymentPostprocessing = 0;
		};
		196511D91D0FA0AF007B7E38 /* Frameworks */ = {
			isa = PBXFrameworksBuildPhase;
			buildActionMask = 2147483647;
			files = (
			);
			runOnlyForDeploymentPostprocessing = 0;
		};
/* End PBXFrameworksBuildPhase section */

/* Begin PBXGroup section */
		192A74491DEBFABC00292A51 /* AliSDK */ = {
			isa = PBXGroup;
			children = (
				192A74B71DEBFC9700292A51 /* libcrypto.a */,
				192A74B81DEBFC9700292A51 /* libssl.a */,
				192A744A1DEBFABC00292A51 /* AlipaySDK.bundle */,
				192A744B1DEBFABC00292A51 /* AlipaySDK.framework */,
				192A744C1DEBFABC00292A51 /* openssl */,
				192A74981DEBFABC00292A51 /* Order.h */,
				192A74991DEBFABC00292A51 /* Order.m */,
				192A749A1DEBFABC00292A51 /* Util */,
			);
			path = AliSDK;
			sourceTree = "<group>";
		};
		192A744C1DEBFABC00292A51 /* openssl */ = {
			isa = PBXGroup;
			children = (
				192A744D1DEBFABC00292A51 /* aes.h */,
				192A744E1DEBFABC00292A51 /* asn1.h */,
				192A744F1DEBFABC00292A51 /* asn1_mac.h */,
				192A74501DEBFABC00292A51 /* asn1t.h */,
				192A74511DEBFABC00292A51 /* bio.h */,
				192A74521DEBFABC00292A51 /* blowfish.h */,
				192A74531DEBFABC00292A51 /* bn.h */,
				192A74541DEBFABC00292A51 /* buffer.h */,
				192A74551DEBFABC00292A51 /* camellia.h */,
				192A74561DEBFABC00292A51 /* cast.h */,
				192A74571DEBFABC00292A51 /* cmac.h */,
				192A74581DEBFABC00292A51 /* cms.h */,
				192A74591DEBFABC00292A51 /* comp.h */,
				192A745A1DEBFABC00292A51 /* conf.h */,
				192A745B1DEBFABC00292A51 /* conf_api.h */,
				192A745C1DEBFABC00292A51 /* crypto.h */,
				192A745D1DEBFABC00292A51 /* des.h */,
				192A745E1DEBFABC00292A51 /* des_old.h */,
				192A745F1DEBFABC00292A51 /* dh.h */,
				192A74601DEBFABC00292A51 /* dsa.h */,
				192A74611DEBFABC00292A51 /* dso.h */,
				192A74621DEBFABC00292A51 /* dtls1.h */,
				192A74631DEBFABC00292A51 /* e_os2.h */,
				192A74641DEBFABC00292A51 /* ebcdic.h */,
				192A74651DEBFABC00292A51 /* ec.h */,
				192A74661DEBFABC00292A51 /* ecdh.h */,
				192A74671DEBFABC00292A51 /* ecdsa.h */,
				192A74681DEBFABC00292A51 /* engine.h */,
				192A74691DEBFABC00292A51 /* err.h */,
				192A746A1DEBFABC00292A51 /* evp.h */,
				192A746B1DEBFABC00292A51 /* hmac.h */,
				192A746C1DEBFABC00292A51 /* idea.h */,
				192A746D1DEBFABC00292A51 /* krb5_asn.h */,
				192A746E1DEBFABC00292A51 /* kssl.h */,
				192A746F1DEBFABC00292A51 /* lhash.h */,
				192A74701DEBFABC00292A51 /* md4.h */,
				192A74711DEBFABC00292A51 /* md5.h */,
				192A74721DEBFABC00292A51 /* mdc2.h */,
				192A74731DEBFABC00292A51 /* modes.h */,
				192A74741DEBFABC00292A51 /* obj_mac.h */,
				192A74751DEBFABC00292A51 /* objects.h */,
				192A74761DEBFABC00292A51 /* ocsp.h */,
				192A74771DEBFABC00292A51 /* opensslconf.h */,
				192A74781DEBFABC00292A51 /* opensslv.h */,
				192A74791DEBFABC00292A51 /* ossl_typ.h */,
				192A747A1DEBFABC00292A51 /* pem.h */,
				192A747B1DEBFABC00292A51 /* pem2.h */,
				192A747C1DEBFABC00292A51 /* pkcs12.h */,
				192A747D1DEBFABC00292A51 /* pkcs7.h */,
				192A747E1DEBFABC00292A51 /* pqueue.h */,
				192A747F1DEBFABC00292A51 /* rand.h */,
				192A74801DEBFABC00292A51 /* rc2.h */,
				192A74811DEBFABC00292A51 /* rc4.h */,
				192A74821DEBFABC00292A51 /* ripemd.h */,
				192A74831DEBFABC00292A51 /* rsa.h */,
				192A74841DEBFABC00292A51 /* safestack.h */,
				192A74851DEBFABC00292A51 /* seed.h */,
				192A74861DEBFABC00292A51 /* sha.h */,
				192A74871DEBFABC00292A51 /* srp.h */,
				192A74881DEBFABC00292A51 /* srtp.h */,
				192A74891DEBFABC00292A51 /* ssl.h */,
				192A748A1DEBFABC00292A51 /* ssl2.h */,
				192A748B1DEBFABC00292A51 /* ssl23.h */,
				192A748C1DEBFABC00292A51 /* ssl3.h */,
				192A748D1DEBFABC00292A51 /* stack.h */,
				192A748E1DEBFABC00292A51 /* symhacks.h */,
				192A748F1DEBFABC00292A51 /* tls1.h */,
				192A74901DEBFABC00292A51 /* ts.h */,
				192A74911DEBFABC00292A51 /* txt_db.h */,
				192A74921DEBFABC00292A51 /* ui.h */,
				192A74931DEBFABC00292A51 /* ui_compat.h */,
				192A74941DEBFABC00292A51 /* whrlpool.h */,
				192A74951DEBFABC00292A51 /* x509.h */,
				192A74961DEBFABC00292A51 /* x509_vfy.h */,
				192A74971DEBFABC00292A51 /* x509v3.h */,
			);
			path = openssl;
			sourceTree = "<group>";
		};
		192A749A1DEBFABC00292A51 /* Util */ = {
			isa = PBXGroup;
			children = (
				192A749B1DEBFABC00292A51 /* base64.h */,
				192A749C1DEBFABC00292A51 /* base64.m */,
				192A749D1DEBFABC00292A51 /* config.h */,
				192A749E1DEBFABC00292A51 /* DataSigner.h */,
				192A749F1DEBFABC00292A51 /* DataSigner.m */,
				192A74A01DEBFABC00292A51 /* DataVerifier.h */,
				192A74A11DEBFABC00292A51 /* DataVerifier.m */,
				192A74A21DEBFABC00292A51 /* MD5DataSigner.h */,
				192A74A31DEBFABC00292A51 /* MD5DataSigner.m */,
				192A74A41DEBFABC00292A51 /* NSDataEx.h */,
				192A74A51DEBFABC00292A51 /* NSDataEx.m */,
				192A74A61DEBFABC00292A51 /* openssl_wrapper.h */,
				192A74A71DEBFABC00292A51 /* openssl_wrapper.m */,
				192A74A81DEBFABC00292A51 /* RSADataSigner.h */,
				192A74A91DEBFABC00292A51 /* RSADataSigner.m */,
				192A74AA1DEBFABC00292A51 /* RSADataVerifier.h */,
				192A74AB1DEBFABC00292A51 /* RSADataVerifier.m */,
			);
			path = Util;
			sourceTree = "<group>";
		};
		192A74BB1DEC030D00292A51 /* AliPayTool */ = {
			isa = PBXGroup;
			children = (
				192A74BC1DEC035200292A51 /* MXAlipayConfig.h */,
				192A74BE1DEC068700292A51 /* MXAliPayHandler.h */,
				192A74BF1DEC068700292A51 /* MXAliPayHandler.m */,
			);
			path = AliPayTool;
			sourceTree = "<group>";
		};
		196511AF1D0FA0AF007B7E38 = {
			isa = PBXGroup;
			children = (
				196511BA1D0FA0AF007B7E38 /* AliPayDemoTest */,
				196511D41D0FA0AF007B7E38 /* AliPayDemoTestTests */,
				196511DF1D0FA0AF007B7E38 /* AliPayDemoTestUITests */,
				196511B91D0FA0AF007B7E38 /* Products */,
				D87657802D5DD5158AFF0C0F /* Pods */,
				88D2F5B155ADEF0D7CEBB3B4 /* Frameworks */,
			);
			sourceTree = "<group>";
		};
		196511B91D0FA0AF007B7E38 /* Products */ = {
			isa = PBXGroup;
			children = (
				196511B81D0FA0AF007B7E38 /* AliPayDemoTest.app */,
				196511D11D0FA0AF007B7E38 /* AliPayDemoTestTests.xctest */,
				196511DC1D0FA0AF007B7E38 /* AliPayDemoTestUITests.xctest */,
			);
			name = Products;
			sourceTree = "<group>";
		};
		196511BA1D0FA0AF007B7E38 /* AliPayDemoTest */ = {
			isa = PBXGroup;
			children = (
				192A74BB1DEC030D00292A51 /* AliPayTool */,
				192A74491DEBFABC00292A51 /* AliSDK */,
				196512601D0FA1C0007B7E38 /* Frameworks */,
				196511BE1D0FA0AF007B7E38 /* AppDelegate.h */,
				196511BF1D0FA0AF007B7E38 /* AppDelegate.m */,
				196511C11D0FA0AF007B7E38 /* ViewController.h */,
				196511C21D0FA0AF007B7E38 /* ViewController.m */,
				196511C41D0FA0AF007B7E38 /* Main.storyboard */,
				196511C71D0FA0AF007B7E38 /* Assets.xcassets */,
				196511C91D0FA0AF007B7E38 /* LaunchScreen.storyboard */,
				196511CC1D0FA0AF007B7E38 /* Info.plist */,
				196511BB1D0FA0AF007B7E38 /* Supporting Files */,
			);
			path = AliPayDemoTest;
			sourceTree = "<group>";
		};
		196511BB1D0FA0AF007B7E38 /* Supporting Files */ = {
			isa = PBXGroup;
			children = (
				196511BC1D0FA0AF007B7E38 /* main.m */,
				192A74BD1DEC037900292A51 /* MXAlipay-prefix.pch */,
			);
			name = "Supporting Files";
			sourceTree = "<group>";
		};
		196511D41D0FA0AF007B7E38 /* AliPayDemoTestTests */ = {
			isa = PBXGroup;
			children = (
				196511D51D0FA0AF007B7E38 /* AliPayDemoTestTests.m */,
				196511D71D0FA0AF007B7E38 /* Info.plist */,
			);
			path = AliPayDemoTestTests;
			sourceTree = "<group>";
		};
		196511DF1D0FA0AF007B7E38 /* AliPayDemoTestUITests */ = {
			isa = PBXGroup;
			children = (
				196511E01D0FA0AF007B7E38 /* AliPayDemoTestUITests.m */,
				196511E21D0FA0AF007B7E38 /* Info.plist */,
			);
			path = AliPayDemoTestUITests;
			sourceTree = "<group>";
		};
		196512601D0FA1C0007B7E38 /* Frameworks */ = {
			isa = PBXGroup;
			children = (
				196512751D0FA44E007B7E38 /* CoreMotion.framework */,
				196512731D0FA449007B7E38 /* CFNetwork.framework */,
				196512711D0FA444007B7E38 /* Foundation.framework */,
				1965126F1D0FA43F007B7E38 /* UIKit.framework */,
				1965126D1D0FA439007B7E38 /* CoreGraphics.framework */,
				1965126B1D0FA434007B7E38 /* CoreText.framework */,
				196512691D0FA42F007B7E38 /* QuartzCore.framework */,
				196512671D0FA42B007B7E38 /* CoreTelephony.framework */,
				196512651D0FA426007B7E38 /* SystemConfiguration.framework */,
				196512631D0FA422007B7E38 /* libz.tbd */,
				196512611D0FA41D007B7E38 /* libc++.tbd */,
			);
			name = Frameworks;
			sourceTree = "<group>";
		};
		88D2F5B155ADEF0D7CEBB3B4 /* Frameworks */ = {
			isa = PBXGroup;
			children = (
				FCC45CDE0A5338966BBD1FF1 /* libPods.a */,
			);
			name = Frameworks;
			sourceTree = "<group>";
		};
		D87657802D5DD5158AFF0C0F /* Pods */ = {
			isa = PBXGroup;
			children = (
				E2B2702C9007FAB175BED2C2 /* Pods.debug.xcconfig */,
				C78ABE223E8DD8928747D5C9 /* Pods.release.xcconfig */,
			);
			name = Pods;
			sourceTree = "<group>";
		};
/* End PBXGroup section */

/* Begin PBXNativeTarget section */
		196511B71D0FA0AF007B7E38 /* AliPayDemoTest */ = {
			isa = PBXNativeTarget;
			buildConfigurationList = 196511E51D0FA0AF007B7E38 /* Build configuration list for PBXNativeTarget "AliPayDemoTest" */;
			buildPhases = (
				D62B3C20A0AD9FE0E1DA417A /* Check Pods Manifest.lock */,
				196511B41D0FA0AF007B7E38 /* Sources */,
				196511B51D0FA0AF007B7E38 /* Frameworks */,
				196511B61D0FA0AF007B7E38 /* Resources */,
				5864221EE1ECB75D0995514D /* Embed Pods Frameworks */,
				8A01863CA3A2387A33D80B3F /* Copy Pods Resources */,
			);
			buildRules = (
			);
			dependencies = (
			);
			name = AliPayDemoTest;
			productName = AliPayDemoTest;
			productReference = 196511B81D0FA0AF007B7E38 /* AliPayDemoTest.app */;
			productType = "com.apple.product-type.application";
		};
		196511D01D0FA0AF007B7E38 /* AliPayDemoTestTests */ = {
			isa = PBXNativeTarget;
			buildConfigurationList = 196511E81D0FA0AF007B7E38 /* Build configuration list for PBXNativeTarget "AliPayDemoTestTests" */;
			buildPhases = (
				196511CD1D0FA0AF007B7E38 /* Sources */,
				196511CE1D0FA0AF007B7E38 /* Frameworks */,
				196511CF1D0FA0AF007B7E38 /* Resources */,
			);
			buildRules = (
			);
			dependencies = (
				196511D31D0FA0AF007B7E38 /* PBXTargetDependency */,
			);
			name = AliPayDemoTestTests;
			productName = AliPayDemoTestTests;
			productReference = 196511D11D0FA0AF007B7E38 /* AliPayDemoTestTests.xctest */;
			productType = "com.apple.product-type.bundle.unit-test";
		};
		196511DB1D0FA0AF007B7E38 /* AliPayDemoTestUITests */ = {
			isa = PBXNativeTarget;
			buildConfigurationList = 196511EB1D0FA0AF007B7E38 /* Build configuration list for PBXNativeTarget "AliPayDemoTestUITests" */;
			buildPhases = (
				196511D81D0FA0AF007B7E38 /* Sources */,
				196511D91D0FA0AF007B7E38 /* Frameworks */,
				196511DA1D0FA0AF007B7E38 /* Resources */,
			);
			buildRules = (
			);
			dependencies = (
				196511DE1D0FA0AF007B7E38 /* PBXTargetDependency */,
			);
			name = AliPayDemoTestUITests;
			productName = AliPayDemoTestUITests;
			productReference = 196511DC1D0FA0AF007B7E38 /* AliPayDemoTestUITests.xctest */;
			productType = "com.apple.product-type.bundle.ui-testing";
		};
/* End PBXNativeTarget section */

/* Begin PBXProject section */
		196511B01D0FA0AF007B7E38 /* Project object */ = {
			isa = PBXProject;
			attributes = {
				LastUpgradeCheck = 0730;
				ORGANIZATIONNAME = GdZwhy;
				TargetAttributes = {
					196511B71D0FA0AF007B7E38 = {
						CreatedOnToolsVersion = 7.3.1;
						DevelopmentTeam = SF37794JEV;
					};
					196511D01D0FA0AF007B7E38 = {
						CreatedOnToolsVersion = 7.3.1;
						TestTargetID = 196511B71D0FA0AF007B7E38;
					};
					196511DB1D0FA0AF007B7E38 = {
						CreatedOnToolsVersion = 7.3.1;
						TestTargetID = 196511B71D0FA0AF007B7E38;
					};
				};
			};
			buildConfigurationList = 196511B31D0FA0AF007B7E38 /* Build configuration list for PBXProject "AliPayDemoTest" */;
			compatibilityVersion = "Xcode 3.2";
			developmentRegion = English;
			hasScannedForEncodings = 0;
			knownRegions = (
				en,
				Base,
			);
			mainGroup = 196511AF1D0FA0AF007B7E38;
			productRefGroup = 196511B91D0FA0AF007B7E38 /* Products */;
			projectDirPath = "";
			projectRoot = "";
			targets = (
				196511B71D0FA0AF007B7E38 /* AliPayDemoTest */,
				196511D01D0FA0AF007B7E38 /* AliPayDemoTestTests */,
				196511DB1D0FA0AF007B7E38 /* AliPayDemoTestUITests */,
			);
		};
/* End PBXProject section */

/* Begin PBXResourcesBuildPhase section */
		196511B61D0FA0AF007B7E38 /* Resources */ = {
			isa = PBXResourcesBuildPhase;
			buildActionMask = 2147483647;
			files = (
				196511CB1D0FA0AF007B7E38 /* LaunchScreen.storyboard in Resources */,
				196511C81D0FA0AF007B7E38 /* Assets.xcassets in Resources */,
				192A74AC1DEBFABC00292A51 /* AlipaySDK.bundle in Resources */,
				196511C61D0FA0AF007B7E38 /* Main.storyboard in Resources */,
			);
			runOnlyForDeploymentPostprocessing = 0;
		};
		196511CF1D0FA0AF007B7E38 /* Resources */ = {
			isa = PBXResourcesBuildPhase;
			buildActionMask = 2147483647;
			files = (
			);
			runOnlyForDeploymentPostprocessing = 0;
		};
		196511DA1D0FA0AF007B7E38 /* Resources */ = {
			isa = PBXResourcesBuildPhase;
			buildActionMask = 2147483647;
			files = (
			);
			runOnlyForDeploymentPostprocessing = 0;
		};
/* End PBXResourcesBuildPhase section */

/* Begin PBXShellScriptBuildPhase section */
		5864221EE1ECB75D0995514D /* Embed Pods Frameworks */ = {
			isa = PBXShellScriptBuildPhase;
			buildActionMask = 2147483647;
			files = (
			);
			inputPaths = (
			);
			name = "Embed Pods Frameworks";
			outputPaths = (
			);
			runOnlyForDeploymentPostprocessing = 0;
			shellPath = /bin/sh;
			shellScript = "\"${SRCROOT}/Pods/Target Support Files/Pods/Pods-frameworks.sh\"\n";
			showEnvVarsInLog = 0;
		};
		8A01863CA3A2387A33D80B3F /* Copy Pods Resources */ = {
			isa = PBXShellScriptBuildPhase;
			buildActionMask = 2147483647;
			files = (
			);
			inputPaths = (
			);
			name = "Copy Pods Resources";
			outputPaths = (
			);
			runOnlyForDeploymentPostprocessing = 0;
			shellPath = /bin/sh;
			shellScript = "\"${SRCROOT}/Pods/Target Support Files/Pods/Pods-resources.sh\"\n";
			showEnvVarsInLog = 0;
		};
		D62B3C20A0AD9FE0E1DA417A /* Check Pods Manifest.lock */ = {
			isa = PBXShellScriptBuildPhase;
			buildActionMask = 2147483647;
			files = (
			);
			inputPaths = (
			);
			name = "Check Pods Manifest.lock";
			outputPaths = (
			);
			runOnlyForDeploymentPostprocessing = 0;
			shellPath = /bin/sh;
			shellScript = "diff \"${PODS_ROOT}/../Podfile.lock\" \"${PODS_ROOT}/Manifest.lock\" > /dev/null\nif [[ $? != 0 ]] ; then\n    cat << EOM\nerror: The sandbox is not in sync with the Podfile.lock. Run 'pod install' or update your CocoaPods installation.\nEOM\n    exit 1\nfi\n";
			showEnvVarsInLog = 0;
		};
/* End PBXShellScriptBuildPhase section */

/* Begin PBXSourcesBuildPhase section */
		196511B41D0FA0AF007B7E38 /* Sources */ = {
			isa = PBXSourcesBuildPhase;
			buildActionMask = 2147483647;
			files = (
				192A74AF1DEBFABC00292A51 /* base64.m in Sources */,
				196511C31D0FA0AF007B7E38 /* ViewController.m in Sources */,
				192A74B31DEBFABC00292A51 /* NSDataEx.m in Sources */,
				192A74B21DEBFABC00292A51 /* MD5DataSigner.m in Sources */,
				192A74B61DEBFABC00292A51 /* RSADataVerifier.m in Sources */,
				196511C01D0FA0AF007B7E38 /* AppDelegate.m in Sources */,
				192A74B01DEBFABC00292A51 /* DataSigner.m in Sources */,
				192A74B51DEBFABC00292A51 /* RSADataSigner.m in Sources */,
				192A74C01DEC068700292A51 /* MXAliPayHandler.m in Sources */,
				192A74B41DEBFABC00292A51 /* openssl_wrapper.m in Sources */,
				192A74AE1DEBFABC00292A51 /* Order.m in Sources */,
				196511BD1D0FA0AF007B7E38 /* main.m in Sources */,
				192A74B11DEBFABC00292A51 /* DataVerifier.m in Sources */,
			);
			runOnlyForDeploymentPostprocessing = 0;
		};
		196511CD1D0FA0AF007B7E38 /* Sources */ = {
			isa = PBXSourcesBuildPhase;
			buildActionMask = 2147483647;
			files = (
				196511D61D0FA0AF007B7E38 /* AliPayDemoTestTests.m in Sources */,
			);
			runOnlyForDeploymentPostprocessing = 0;
		};
		196511D81D0FA0AF007B7E38 /* Sources */ = {
			isa = PBXSourcesBuildPhase;
			buildActionMask = 2147483647;
			files = (
				196511E11D0FA0AF007B7E38 /* AliPayDemoTestUITests.m in Sources */,
			);
			runOnlyForDeploymentPostprocessing = 0;
		};
/* End PBXSourcesBuildPhase section */

/* Begin PBXTargetDependency section */
		196511D31D0FA0AF007B7E38 /* PBXTargetDependency */ = {
			isa = PBXTargetDependency;
			target = 196511B71D0FA0AF007B7E38 /* AliPayDemoTest */;
			targetProxy = 196511D21D0FA0AF007B7E38 /* PBXContainerItemProxy */;
		};
		196511DE1D0FA0AF007B7E38 /* PBXTargetDependency */ = {
			isa = PBXTargetDependency;
			target = 196511B71D0FA0AF007B7E38 /* AliPayDemoTest */;
			targetProxy = 196511DD1D0FA0AF007B7E38 /* PBXContainerItemProxy */;
		};
/* End PBXTargetDependency section */

/* Begin PBXVariantGroup section */
		196511C41D0FA0AF007B7E38 /* Main.storyboard */ = {
			isa = PBXVariantGroup;
			children = (
				196511C51D0FA0AF007B7E38 /* Base */,
			);
			name = Main.storyboard;
			sourceTree = "<group>";
		};
		196511C91D0FA0AF007B7E38 /* LaunchScreen.storyboard */ = {
			isa = PBXVariantGroup;
			children = (
				196511CA1D0FA0AF007B7E38 /* Base */,
			);
			name = LaunchScreen.storyboard;
			sourceTree = "<group>";
		};
/* End PBXVariantGroup section */

/* Begin XCBuildConfiguration section */
		196511E31D0FA0AF007B7E38 /* Debug */ = {
			isa = XCBuildConfiguration;
			buildSettings = {
				ALWAYS_SEARCH_USER_PATHS = NO;
				CLANG_ANALYZER_NONNULL = YES;
				CLANG_CXX_LANGUAGE_STANDARD = "gnu++0x";
				CLANG_CXX_LIBRARY = "libc++";
				CLANG_ENABLE_MODULES = YES;
				CLANG_ENABLE_OBJC_ARC = YES;
				CLANG_WARN_BOOL_CONVERSION = YES;
				CLANG_WARN_CONSTANT_CONVERSION = YES;
				CLANG_WARN_DIRECT_OBJC_ISA_USAGE = YES_ERROR;
				CLANG_WARN_EMPTY_BODY = YES;
				CLANG_WARN_ENUM_CONVERSION = YES;
				CLANG_WARN_INT_CONVERSION = YES;
				CLANG_WARN_OBJC_ROOT_CLASS = YES_ERROR;
				CLANG_WARN_UNREACHABLE_CODE = YES;
				CLANG_WARN__DUPLICATE_METHOD_MATCH = YES;
				"CODE_SIGN_IDENTITY[sdk=iphoneos*]" = "iPhone Developer";
				COPY_PHASE_STRIP = NO;
				DEBUG_INFORMATION_FORMAT = dwarf;
				ENABLE_STRICT_OBJC_MSGSEND = YES;
				ENABLE_TESTABILITY = YES;
				GCC_C_LANGUAGE_STANDARD = gnu99;
				GCC_DYNAMIC_NO_PIC = NO;
				GCC_NO_COMMON_BLOCKS = YES;
				GCC_OPTIMIZATION_LEVEL = 0;
				GCC_PREPROCESSOR_DEFINITIONS = (
					"DEBUG=1",
					"$(inherited)",
				);
				GCC_WARN_64_TO_32_BIT_CONVERSION = YES;
				GCC_WARN_ABOUT_RETURN_TYPE = YES_ERROR;
				GCC_WARN_UNDECLARED_SELECTOR = YES;
				GCC_WARN_UNINITIALIZED_AUTOS = YES_AGGRESSIVE;
				GCC_WARN_UNUSED_FUNCTION = YES;
				GCC_WARN_UNUSED_VARIABLE = YES;
				IPHONEOS_DEPLOYMENT_TARGET = 9.3;
				MTL_ENABLE_DEBUG_INFO = YES;
				ONLY_ACTIVE_ARCH = YES;
				SDKROOT = iphoneos;
			};
			name = Debug;
		};
		196511E41D0FA0AF007B7E38 /* Release */ = {
			isa = XCBuildConfiguration;
			buildSettings = {
				ALWAYS_SEARCH_USER_PATHS = NO;
				CLANG_ANALYZER_NONNULL = YES;
				CLANG_CXX_LANGUAGE_STANDARD = "gnu++0x";
				CLANG_CXX_LIBRARY = "libc++";
				CLANG_ENABLE_MODULES = YES;
				CLANG_ENABLE_OBJC_ARC = YES;
				CLANG_WARN_BOOL_CONVERSION = YES;
				CLANG_WARN_CONSTANT_CONVERSION = YES;
				CLANG_WARN_DIRECT_OBJC_ISA_USAGE = YES_ERROR;
				CLANG_WARN_EMPTY_BODY = YES;
				CLANG_WARN_ENUM_CONVERSION = YES;
				CLANG_WARN_INT_CONVERSION = YES;
				CLANG_WARN_OBJC_ROOT_CLASS = YES_ERROR;
				CLANG_WARN_UNREACHABLE_CODE = YES;
				CLANG_WARN__DUPLICATE_METHOD_MATCH = YES;
				"CODE_SIGN_IDENTITY[sdk=iphoneos*]" = "iPhone Developer";
				COPY_PHASE_STRIP = NO;
				DEBUG_INFORMATION_FORMAT = "dwarf-with-dsym";
				ENABLE_NS_ASSERTIONS = NO;
				ENABLE_STRICT_OBJC_MSGSEND = YES;
				GCC_C_LANGUAGE_STANDARD = gnu99;
				GCC_NO_COMMON_BLOCKS = YES;
				GCC_WARN_64_TO_32_BIT_CONVERSION = YES;
				GCC_WARN_ABOUT_RETURN_TYPE = YES_ERROR;
				GCC_WARN_UNDECLARED_SELECTOR = YES;
				GCC_WARN_UNINITIALIZED_AUTOS = YES_AGGRESSIVE;
				GCC_WARN_UNUSED_FUNCTION = YES;
				GCC_WARN_UNUSED_VARIABLE = YES;
				IPHONEOS_DEPLOYMENT_TARGET = 9.3;
				MTL_ENABLE_DEBUG_INFO = NO;
				SDKROOT = iphoneos;
				VALIDATE_PRODUCT = YES;
			};
			name = Release;
		};
		196511E61D0FA0AF007B7E38 /* Debug */ = {
			isa = XCBuildConfiguration;
			baseConfigurationReference = E2B2702C9007FAB175BED2C2 /* Pods.debug.xcconfig */;
			buildSettings = {
				ASSETCATALOG_COMPILER_APPICON_NAME = AppIcon;
				DEVELOPMENT_TEAM = SF37794JEV;
				FRAMEWORK_SEARCH_PATHS = (
					"$(inherited)",
					"$(PROJECT_DIR)/AliPayDemoTest/AliPaySDK",
					"$(PROJECT_DIR)/AliPayDemoTest",
					"$(PROJECT_DIR)/AliPayDemoTest/AliSDK",
				);
				GCC_PRECOMPILE_PREFIX_HEADER = YES;
				GCC_PREFIX_HEADER = "/Users/zhongwangheyi/Desktop/code/AliPayDemoTest/AliPayDemoTest/AliPayDemoTest/MXAlipay-prefix.pch";
				HEADER_SEARCH_PATHS = "\"$(SRCROOT)/AliPayDemoTest/AliSDK\"";
				INFOPLIST_FILE = AliPayDemoTest/Info.plist;
				IPHONEOS_DEPLOYMENT_TARGET = 8.0;
				LD_RUNPATH_SEARCH_PATHS = "$(inherited) @executable_path/Frameworks";
				LIBRARY_SEARCH_PATHS = (
					"$(inherited)",
					"$(PROJECT_DIR)/AliPayDemoTest/AliPaySDK",
					"$(PROJECT_DIR)/AliPayDemoTest/AliSDK",
				);
				PRODUCT_BUNDLE_IDENTIFIER = com.gdzwhy.AliPayDemoTest;
				PRODUCT_NAME = "$(TARGET_NAME)";
			};
			name = Debug;
		};
		196511E71D0FA0AF007B7E38 /* Release */ = {
			isa = XCBuildConfiguration;
			baseConfigurationReference = C78ABE223E8DD8928747D5C9 /* Pods.release.xcconfig */;
			buildSettings = {
				ASSETCATALOG_COMPILER_APPICON_NAME = AppIcon;
				DEVELOPMENT_TEAM = SF37794JEV;
				FRAMEWORK_SEARCH_PATHS = (
					"$(inherited)",
					"$(PROJECT_DIR)/AliPayDemoTest/AliPaySDK",
					"$(PROJECT_DIR)/AliPayDemoTest",
					"$(PROJECT_DIR)/AliPayDemoTest/AliSDK",
				);
				GCC_PRECOMPILE_PREFIX_HEADER = YES;
				GCC_PREFIX_HEADER = "/Users/zhongwangheyi/Desktop/code/AliPayDemoTest/AliPayDemoTest/AliPayDemoTest/MXAlipay-prefix.pch";
				HEADER_SEARCH_PATHS = "\"$(SRCROOT)/AliPayDemoTest/AliSDK\"";
				INFOPLIST_FILE = AliPayDemoTest/Info.plist;
				IPHONEOS_DEPLOYMENT_TARGET = 8.0;
				LD_RUNPATH_SEARCH_PATHS = "$(inherited) @executable_path/Frameworks";
				LIBRARY_SEARCH_PATHS = (
					"$(inherited)",
					"$(PROJECT_DIR)/AliPayDemoTest/AliPaySDK",
					"$(PROJECT_DIR)/AliPayDemoTest/AliSDK",
				);
				PRODUCT_BUNDLE_IDENTIFIER = com.gdzwhy.AliPayDemoTest;
				PRODUCT_NAME = "$(TARGET_NAME)";
			};
			name = Release;
		};
		196511E91D0FA0AF007B7E38 /* Debug */ = {
			isa = XCBuildConfiguration;
			buildSettings = {
				BUNDLE_LOADER = "$(TEST_HOST)";
				INFOPLIST_FILE = AliPayDemoTestTests/Info.plist;
				LD_RUNPATH_SEARCH_PATHS = "$(inherited) @executable_path/Frameworks @loader_path/Frameworks";
				PRODUCT_BUNDLE_IDENTIFIER = com.gdzwhy.AliPayDemoTestTests;
				PRODUCT_NAME = "$(TARGET_NAME)";
				TEST_HOST = "$(BUILT_PRODUCTS_DIR)/AliPayDemoTest.app/AliPayDemoTest";
			};
			name = Debug;
		};
		196511EA1D0FA0AF007B7E38 /* Release */ = {
			isa = XCBuildConfiguration;
			buildSettings = {
				BUNDLE_LOADER = "$(TEST_HOST)";
				INFOPLIST_FILE = AliPayDemoTestTests/Info.plist;
				LD_RUNPATH_SEARCH_PATHS = "$(inherited) @executable_path/Frameworks @loader_path/Frameworks";
				PRODUCT_BUNDLE_IDENTIFIER = com.gdzwhy.AliPayDemoTestTests;
				PRODUCT_NAME = "$(TARGET_NAME)";
				TEST_HOST = "$(BUILT_PRODUCTS_DIR)/AliPayDemoTest.app/AliPayDemoTest";
			};
			name = Release;
		};
		196511EC1D0FA0AF007B7E38 /* Debug */ = {
			isa = XCBuildConfiguration;
			buildSettings = {
				INFOPLIST_FILE = AliPayDemoTestUITests/Info.plist;
				LD_RUNPATH_SEARCH_PATHS = "$(inherited) @executable_path/Frameworks @loader_path/Frameworks";
				PRODUCT_BUNDLE_IDENTIFIER = com.gdzwhy.AliPayDemoTestUITests;
				PRODUCT_NAME = "$(TARGET_NAME)";
				TEST_TARGET_NAME = AliPayDemoTest;
			};
			name = Debug;
		};
		196511ED1D0FA0AF007B7E38 /* Release */ = {
			isa = XCBuildConfiguration;
			buildSettings = {
				INFOPLIST_FILE = AliPayDemoTestUITests/Info.plist;
				LD_RUNPATH_SEARCH_PATHS = "$(inherited) @executable_path/Frameworks @loader_path/Frameworks";
				PRODUCT_BUNDLE_IDENTIFIER = com.gdzwhy.AliPayDemoTestUITests;
				PRODUCT_NAME = "$(TARGET_NAME)";
				TEST_TARGET_NAME = AliPayDemoTest;
			};
			name = Release;
		};
/* End XCBuildConfiguration section */

/* Begin XCConfigurationList section */
		196511B31D0FA0AF007B7E38 /* Build configuration list for PBXProject "AliPayDemoTest" */ = {
			isa = XCConfigurationList;
			buildConfigurations = (
				196511E31D0FA0AF007B7E38 /* Debug */,
				196511E41D0FA0AF007B7E38 /* Release */,
			);
			defaultConfigurationIsVisible = 0;
			defaultConfigurationName = Release;
		};
		196511E51D0FA0AF007B7E38 /* Build configuration list for PBXNativeTarget "AliPayDemoTest" */ = {
			isa = XCConfigurationList;
			buildConfigurations = (
				196511E61D0FA0AF007B7E38 /* Debug */,
				196511E71D0FA0AF007B7E38 /* Release */,
			);
			defaultConfigurationIsVisible = 0;
			defaultConfigurationName = Release;
		};
		196511E81D0FA0AF007B7E38 /* Build configuration list for PBXNativeTarget "AliPayDemoTestTests" */ = {
			isa = XCConfigurationList;
			buildConfigurations = (
				196511E91D0FA0AF007B7E38 /* Debug */,
				196511EA1D0FA0AF007B7E38 /* Release */,
			);
			defaultConfigurationIsVisible = 0;
			defaultConfigurationName = Release;
		};
		196511EB1D0FA0AF007B7E38 /* Build configuration list for PBXNativeTarget "AliPayDemoTestUITests" */ = {
			isa = XCConfigurationList;
			buildConfigurations = (
				196511EC1D0FA0AF007B7E38 /* Debug */,
				196511ED1D0FA0AF007B7E38 /* Release */,
			);
			defaultConfigurationIsVisible = 0;
			defaultConfigurationName = Release;
		};
/* End XCConfigurationList section */
	};
	rootObject = 196511B01D0FA0AF007B7E38 /* Project object */;
}
